
Microsoft Visual Studio Solution File, Format Version 12.00
# Visual Studio Version 16
VisualStudioVersion = 16.0.31205.134
MinimumVisualStudioVersion = 10.0.40219.1
Project("{FAE04EC0-301F-11D3-BF4B-00C04F79EFBC}") = "SchedulingApp3", "SchedulingApp3\SchedulingApp3.csproj", "{29B12AE6-4955-4068-BF05-7E9D3A7ACD93}"
EndProject
Global
	GlobalSection(SolutionConfigurationPlatforms) = preSolution
		Debug|Any CPU = Debug|Any CPU
		Release|Any CPU = Release|Any CPU
	EndGlobalSection
	GlobalSection(ProjectConfigurationPlatforms) = postSolution
		{29B12AE6-4955-4068-BF05-7E9D3A7ACD93}.Debug|Any CPU.ActiveCfg = Debug|Any CPU
		{29B12AE6-4955-4068-BF05-7E9D3A7ACD93}.Debug|Any CPU.Build.0 = Debug|Any CPU
		{29B12AE6-4955-4068-BF05-7E9D3A7ACD93}.Release|Any CPU.ActiveCfg = Release|Any CPU
		{29B12AE6-4955-4068-BF05-7E9D3A7ACD93}.Release|Any CPU.Build.0 = Release|Any CPU
	EndGlobalSection
	GlobalSection(SolutionProperties) = preSolution
		HideSolutionNode = FALSE
	EndGlobalSection
	GlobalSection(ExtensibilityGlobals) = postSolution
		SolutionGuid = {72E6FE54-CEE4-4415-9B1D-5911A42740A5}
	EndGlobalSection
EndGlobal
